// !$*UTF8*$!
{
	archiveVersion = 1;
	classes = {
	};
	objectVersion = 56;
	objects = {

/* Begin PBXBuildFile section */
		AB5CECD42AA8B2A000F1D0A4 /* CombineCocoa in Frameworks */ = {isa = PBXBuildFile; productRef = AB5CECD32AA8B2A000F1D0A4 /* CombineCocoa */; };
		ABA5CC4B2AA899140045B780 /* AppDelegate.swift in Sources */ = {isa = PBXBuildFile; fileRef = ABA5CC4A2AA899140045B780 /* AppDelegate.swift */; };
		ABA5CC4D2AA899140045B780 /* SceneDelegate.swift in Sources */ = {isa = PBXBuildFile; fileRef = ABA5CC4C2AA899140045B780 /* SceneDelegate.swift */; };
		ABA5CC4F2AA899140045B780 /* ViewController.swift in Sources */ = {isa = PBXBuildFile; fileRef = ABA5CC4E2AA899140045B780 /* ViewController.swift */; };
		ABA5CC542AA899150045B780 /* Assets.xcassets in Resources */ = {isa = PBXBuildFile; fileRef = ABA5CC532AA899150045B780 /* Assets.xcassets */; };
		ABA5CC572AA899150045B780 /* LaunchScreen.storyboard in Resources */ = {isa = PBXBuildFile; fileRef = ABA5CC552AA899150045B780 /* LaunchScreen.storyboard */; };
		ABA5CC622AA899150045B780 /* tip_calculatorTests.swift in Sources */ = {isa = PBXBuildFile; fileRef = ABA5CC612AA899150045B780 /* tip_calculatorTests.swift */; };
		ABA5CC6C2AA899150045B780 /* tip_calculatorUITests.swift in Sources */ = {isa = PBXBuildFile; fileRef = ABA5CC6B2AA899150045B780 /* tip_calculatorUITests.swift */; };
		ABA5CC6E2AA899150045B780 /* tip_calculatorUITestsLaunchTests.swift in Sources */ = {isa = PBXBuildFile; fileRef = ABA5CC6D2AA899150045B780 /* tip_calculatorUITestsLaunchTests.swift */; };
		ABA5CC7C2AA8A5460045B780 /* CombineCocoa in Frameworks */ = {isa = PBXBuildFile; productRef = ABA5CC7B2AA8A5460045B780 /* CombineCocoa */; };
		ABA5CC7F2AA8B01A0045B780 /* SnapKit in Frameworks */ = {isa = PBXBuildFile; productRef = ABA5CC7E2AA8B01A0045B780 /* SnapKit */; };
		ABA5CC822AA8B05B0045B780 /* CombineCocoa in Frameworks */ = {isa = PBXBuildFile; productRef = ABA5CC812AA8B05B0045B780 /* CombineCocoa */; };
		ABA5CC872AA8B2660045B780 /* SnapshotTesting in Frameworks */ = {isa = PBXBuildFile; productRef = ABA5CC862AA8B2660045B780 /* SnapshotTesting */; };
/* End PBXBuildFile section */

/* Begin PBXContainerItemProxy section */
		ABA5CC5E2AA899150045B780 /* PBXContainerItemProxy */ = {
			isa = PBXContainerItemProxy;
			containerPortal = ABA5CC3F2AA899140045B780 /* Project object */;
			proxyType = 1;
			remoteGlobalIDString = ABA5CC462AA899140045B780;
			remoteInfo = "tip-calculator";
		};
		ABA5CC682AA899150045B780 /* PBXContainerItemProxy */ = {
			isa = PBXContainerItemProxy;
			containerPortal = ABA5CC3F2AA899140045B780 /* Project object */;
			proxyType = 1;
			remoteGlobalIDString = ABA5CC462AA899140045B780;
			remoteInfo = "tip-calculator";
		};
/* End PBXContainerItemProxy section */

/* Begin PBXFileReference section */
		ABA5CC472AA899140045B780 /* tip-calculator.app */ = {isa = PBXFileReference; explicitFileType = wrapper.application; includeInIndex = 0; path = "tip-calculator.app"; sourceTree = BUILT_PRODUCTS_DIR; };
		ABA5CC4A2AA899140045B780 /* AppDelegate.swift */ = {isa = PBXFileReference; lastKnownFileType = sourcecode.swift; path = AppDelegate.swift; sourceTree = "<group>"; };
		ABA5CC4C2AA899140045B780 /* SceneDelegate.swift */ = {isa = PBXFileReference; lastKnownFileType = sourcecode.swift; path = SceneDelegate.swift; sourceTree = "<group>"; };
		ABA5CC4E2AA899140045B780 /* ViewController.swift */ = {isa = PBXFileReference; lastKnownFileType = sourcecode.swift; path = ViewController.swift; sourceTree = "<group>"; };
		ABA5CC532AA899150045B780 /* Assets.xcassets */ = {isa = PBXFileReference; lastKnownFileType = folder.assetcatalog; path = Assets.xcassets; sourceTree = "<group>"; };
		ABA5CC562AA899150045B780 /* Base */ = {isa = PBXFileReference; lastKnownFileType = file.storyboard; name = Base; path = Base.lproj/LaunchScreen.storyboard; sourceTree = "<group>"; };
		ABA5CC582AA899150045B780 /* Info.plist */ = {isa = PBXFileReference; lastKnownFileType = text.plist.xml; path = Info.plist; sourceTree = "<group>"; };
		ABA5CC5D2AA899150045B780 /* tip-calculatorTests.xctest */ = {isa = PBXFileReference; explicitFileType = wrapper.cfbundle; includeInIndex = 0; path = "tip-calculatorTests.xctest"; sourceTree = BUILT_PRODUCTS_DIR; };
		ABA5CC612AA899150045B780 /* tip_calculatorTests.swift */ = {isa = PBXFileReference; lastKnownFileType = sourcecode.swift; path = tip_calculatorTests.swift; sourceTree = "<group>"; };
		ABA5CC672AA899150045B780 /* tip-calculatorUITests.xctest */ = {isa = PBXFileReference; explicitFileType = wrapper.cfbundle; includeInIndex = 0; path = "tip-calculatorUITests.xctest"; sourceTree = BUILT_PRODUCTS_DIR; };
		ABA5CC6B2AA899150045B780 /* tip_calculatorUITests.swift */ = {isa = PBXFileReference; lastKnownFileType = sourcecode.swift; path = tip_calculatorUITests.swift; sourceTree = "<group>"; };
		ABA5CC6D2AA899150045B780 /* tip_calculatorUITestsLaunchTests.swift */ = {isa = PBXFileReference; lastKnownFileType = sourcecode.swift; path = tip_calculatorUITestsLaunchTests.swift; sourceTree = "<group>"; };
/* End PBXFileReference section */

/* Begin PBXFrameworksBuildPhase section */
		ABA5CC442AA899140045B780 /* Frameworks */ = {
			isa = PBXFrameworksBuildPhase;
			buildActionMask = 2147483647;
			files = (
				ABA5CC7C2AA8A5460045B780 /* CombineCocoa in Frameworks */,
				ABA5CC7F2AA8B01A0045B780 /* SnapKit in Frameworks */,
			);
			runOnlyForDeploymentPostprocessing = 0;
		};
		ABA5CC5A2AA899150045B780 /* Frameworks */ = {
			isa = PBXFrameworksBuildPhase;
			buildActionMask = 2147483647;
			files = (
				ABA5CC822AA8B05B0045B780 /* CombineCocoa in Frameworks */,
				ABA5CC872AA8B2660045B780 /* SnapshotTesting in Frameworks */,
			);
			runOnlyForDeploymentPostprocessing = 0;
		};
		ABA5CC642AA899150045B780 /* Frameworks */ = {
			isa = PBXFrameworksBuildPhase;
			buildActionMask = 2147483647;
			files = (
				AB5CECD42AA8B2A000F1D0A4 /* CombineCocoa in Frameworks */,
			);
			runOnlyForDeploymentPostprocessing = 0;
		};
/* End PBXFrameworksBuildPhase section */

/* Begin PBXGroup section */
		ABA5CC3E2AA899140045B780 = {
			isa = PBXGroup;
			children = (
				ABA5CC492AA899140045B780 /* tip-calculator */,
				ABA5CC602AA899150045B780 /* tip-calculatorTests */,
				ABA5CC6A2AA899150045B780 /* tip-calculatorUITests */,
				ABA5CC482AA899140045B780 /* Products */,
				ABA5CC802AA8B05B0045B780 /* Frameworks */,
			);
			sourceTree = "<group>";
		};
		ABA5CC482AA899140045B780 /* Products */ = {
			isa = PBXGroup;
			children = (
				ABA5CC472AA899140045B780 /* tip-calculator.app */,
				ABA5CC5D2AA899150045B780 /* tip-calculatorTests.xctest */,
				ABA5CC672AA899150045B780 /* tip-calculatorUITests.xctest */,
			);
			name = Products;
			sourceTree = "<group>";
		};
		ABA5CC492AA899140045B780 /* tip-calculator */ = {
			isa = PBXGroup;
			children = (
				ABA5CC4A2AA899140045B780 /* AppDelegate.swift */,
				ABA5CC4C2AA899140045B780 /* SceneDelegate.swift */,
				ABA5CC4E2AA899140045B780 /* ViewController.swift */,
				ABA5CC532AA899150045B780 /* Assets.xcassets */,
				ABA5CC552AA899150045B780 /* LaunchScreen.storyboard */,
				ABA5CC582AA899150045B780 /* Info.plist */,
			);
			path = "tip-calculator";
			sourceTree = "<group>";
		};
		ABA5CC602AA899150045B780 /* tip-calculatorTests */ = {
			isa = PBXGroup;
			children = (
				ABA5CC612AA899150045B780 /* tip_calculatorTests.swift */,
			);
			path = "tip-calculatorTests";
			sourceTree = "<group>";
		};
		ABA5CC6A2AA899150045B780 /* tip-calculatorUITests */ = {
			isa = PBXGroup;
			children = (
				ABA5CC6B2AA899150045B780 /* tip_calculatorUITests.swift */,
				ABA5CC6D2AA899150045B780 /* tip_calculatorUITestsLaunchTests.swift */,
			);
			path = "tip-calculatorUITests";
			sourceTree = "<group>";
		};
		ABA5CC802AA8B05B0045B780 /* Frameworks */ = {
			isa = PBXGroup;
			children = (
			);
			name = Frameworks;
			sourceTree = "<group>";
		};
/* End PBXGroup section */

/* Begin PBXNativeTarget section */
		ABA5CC462AA899140045B780 /* tip-calculator */ = {
			isa = PBXNativeTarget;
			buildConfigurationList = ABA5CC712AA899150045B780 /* Build configuration list for PBXNativeTarget "tip-calculator" */;
			buildPhases = (
				ABA5CC432AA899140045B780 /* Sources */,
				ABA5CC442AA899140045B780 /* Frameworks */,
				ABA5CC452AA899140045B780 /* Resources */,
			);
			buildRules = (
			);
			dependencies = (
			);
			name = "tip-calculator";
			packageProductDependencies = (
				ABA5CC7B2AA8A5460045B780 /* CombineCocoa */,
				ABA5CC7E2AA8B01A0045B780 /* SnapKit */,
			);
			productName = "tip-calculator";
			productReference = ABA5CC472AA899140045B780 /* tip-calculator.app */;
			productType = "com.apple.product-type.application";
		};
		ABA5CC5C2AA899150045B780 /* tip-calculatorTests */ = {
			isa = PBXNativeTarget;
			buildConfigurationList = ABA5CC742AA899150045B780 /* Build configuration list for PBXNativeTarget "tip-calculatorTests" */;
			buildPhases = (
				ABA5CC592AA899150045B780 /* Sources */,
				ABA5CC5A2AA899150045B780 /* Frameworks */,
				ABA5CC5B2AA899150045B780 /* Resources */,
			);
			buildRules = (
			);
			dependencies = (
				ABA5CC5F2AA899150045B780 /* PBXTargetDependency */,
			);
			name = "tip-calculatorTests";
			packageProductDependencies = (
				ABA5CC812AA8B05B0045B780 /* CombineCocoa */,
				ABA5CC862AA8B2660045B780 /* SnapshotTesting */,
			);
			productName = "tip-calculatorTests";
			productReference = ABA5CC5D2AA899150045B780 /* tip-calculatorTests.xctest */;
			productType = "com.apple.product-type.bundle.unit-test";
		};
		ABA5CC662AA899150045B780 /* tip-calculatorUITests */ = {
			isa = PBXNativeTarget;
			buildConfigurationList = ABA5CC772AA899150045B780 /* Build configuration list for PBXNativeTarget "tip-calculatorUITests" */;
			buildPhases = (
				ABA5CC632AA899150045B780 /* Sources */,
				ABA5CC642AA899150045B780 /* Frameworks */,
				ABA5CC652AA899150045B780 /* Resources */,
			);
			buildRules = (
			);
			dependencies = (
				ABA5CC692AA899150045B780 /* PBXTargetDependency */,
			);
			name = "tip-calculatorUITests";
			packageProductDependencies = (
				AB5CECD32AA8B2A000F1D0A4 /* CombineCocoa */,
			);
			productName = "tip-calculatorUITests";
			productReference = ABA5CC672AA899150045B780 /* tip-calculatorUITests.xctest */;
			productType = "com.apple.product-type.bundle.ui-testing";
		};
/* End PBXNativeTarget section */

/* Begin PBXProject section */
		ABA5CC3F2AA899140045B780 /* Project object */ = {
			isa = PBXProject;
			attributes = {
				BuildIndependentTargetsInParallel = 1;
				LastSwiftUpdateCheck = 1430;
				LastUpgradeCheck = 1430;
				TargetAttributes = {
					ABA5CC462AA899140045B780 = {
						CreatedOnToolsVersion = 14.3.1;
					};
					ABA5CC5C2AA899150045B780 = {
						CreatedOnToolsVersion = 14.3.1;
						TestTargetID = ABA5CC462AA899140045B780;
					};
					ABA5CC662AA899150045B780 = {
						CreatedOnToolsVersion = 14.3.1;
						TestTargetID = ABA5CC462AA899140045B780;
					};
				};
			};
			buildConfigurationList = ABA5CC422AA899140045B780 /* Build configuration list for PBXProject "tip-calculator" */;
			compatibilityVersion = "Xcode 14.0";
			developmentRegion = en;
			hasScannedForEncodings = 0;
			knownRegions = (
				en,
				Base,
			);
			mainGroup = ABA5CC3E2AA899140045B780;
			packageReferences = (
				ABA5CC7A2AA8A5460045B780 /* XCRemoteSwiftPackageReference "CombineCocoa" */,
				ABA5CC7D2AA8B01A0045B780 /* XCRemoteSwiftPackageReference "SnapKit" */,
				ABA5CC832AA8B25D0045B780 /* XCRemoteSwiftPackageReference "swift-snapshot-testing" */,
			);
			productRefGroup = ABA5CC482AA899140045B780 /* Products */;
			projectDirPath = "";
			projectRoot = "";
			targets = (
				ABA5CC462AA899140045B780 /* tip-calculator */,
				ABA5CC5C2AA899150045B780 /* tip-calculatorTests */,
				ABA5CC662AA899150045B780 /* tip-calculatorUITests */,
			);
		};
/* End PBXProject section */

/* Begin PBXResourcesBuildPhase section */
		ABA5CC452AA899140045B780 /* Resources */ = {
			isa = PBXResourcesBuildPhase;
			buildActionMask = 2147483647;
			files = (
				ABA5CC572AA899150045B780 /* LaunchScreen.storyboard in Resources */,
				ABA5CC542AA899150045B780 /* Assets.xcassets in Resources */,
			);
			runOnlyForDeploymentPostprocessing = 0;
		};
		ABA5CC5B2AA899150045B780 /* Resources */ = {
			isa = PBXResourcesBuildPhase;
			buildActionMask = 2147483647;
			files = (
			);
			runOnlyForDeploymentPostprocessing = 0;
		};
		ABA5CC652AA899150045B780 /* Resources */ = {
			isa = PBXResourcesBuildPhase;
			buildActionMask = 2147483647;
			files = (
			);
			runOnlyForDeploymentPostprocessing = 0;
		};
/* End PBXResourcesBuildPhase section */

/* Begin PBXSourcesBuildPhase section */
		ABA5CC432AA899140045B780 /* Sources */ = {
			isa = PBXSourcesBuildPhase;
			buildActionMask = 2147483647;
			files = (
				ABA5CC4F2AA899140045B780 /* ViewController.swift in Sources */,
				ABA5CC4B2AA899140045B780 /* AppDelegate.swift in Sources */,
				ABA5CC4D2AA899140045B780 /* SceneDelegate.swift in Sources */,
			);
			runOnlyForDeploymentPostprocessing = 0;
		};
		ABA5CC592AA899150045B780 /* Sources */ = {
			isa = PBXSourcesBuildPhase;
			buildActionMask = 2147483647;
			files = (
				ABA5CC622AA899150045B780 /* tip_calculatorTests.swift in Sources */,
			);
			runOnlyForDeploymentPostprocessing = 0;
		};
		ABA5CC632AA899150045B780 /* Sources */ = {
			isa = PBXSourcesBuildPhase;
			buildActionMask = 2147483647;
			files = (
				ABA5CC6E2AA899150045B780 /* tip_calculatorUITestsLaunchTests.swift in Sources */,
				ABA5CC6C2AA899150045B780 /* tip_calculatorUITests.swift in Sources */,
			);
			runOnlyForDeploymentPostprocessing = 0;
		};
/* End PBXSourcesBuildPhase section */

/* Begin PBXTargetDependency section */
		ABA5CC5F2AA899150045B780 /* PBXTargetDependency */ = {
			isa = PBXTargetDependency;
			target = ABA5CC462AA899140045B780 /* tip-calculator */;
			targetProxy = ABA5CC5E2AA899150045B780 /* PBXContainerItemProxy */;
		};
		ABA5CC692AA899150045B780 /* PBXTargetDependency */ = {
			isa = PBXTargetDependency;
			target = ABA5CC462AA899140045B780 /* tip-calculator */;
			targetProxy = ABA5CC682AA899150045B780 /* PBXContainerItemProxy */;
		};
/* End PBXTargetDependency section */

/* Begin PBXVariantGroup section */
		ABA5CC552AA899150045B780 /* LaunchScreen.storyboard */ = {
			isa = PBXVariantGroup;
			children = (
				ABA5CC562AA899150045B780 /* Base */,
			);
			name = LaunchScreen.storyboard;
			sourceTree = "<group>";
		};
/* End PBXVariantGroup section */

/* Begin XCBuildConfiguration section */
		ABA5CC6F2AA899150045B780 /* Debug */ = {
			isa = XCBuildConfiguration;
			buildSettings = {
				ALWAYS_SEARCH_USER_PATHS = NO;
				CLANG_ANALYZER_NONNULL = YES;
				CLANG_ANALYZER_NUMBER_OBJECT_CONVERSION = YES_AGGRESSIVE;
				CLANG_CXX_LANGUAGE_STANDARD = "gnu++20";
				CLANG_ENABLE_MODULES = YES;
				CLANG_ENABLE_OBJC_ARC = YES;
				CLANG_ENABLE_OBJC_WEAK = YES;
				CLANG_WARN_BLOCK_CAPTURE_AUTORELEASING = YES;
				CLANG_WARN_BOOL_CONVERSION = YES;
				CLANG_WARN_COMMA = YES;
				CLANG_WARN_CONSTANT_CONVERSION = YES;
				CLANG_WARN_DEPRECATED_OBJC_IMPLEMENTATIONS = YES;
				CLANG_WARN_DIRECT_OBJC_ISA_USAGE = YES_ERROR;
				CLANG_WARN_DOCUMENTATION_COMMENTS = YES;
				CLANG_WARN_EMPTY_BODY = YES;
				CLANG_WARN_ENUM_CONVERSION = YES;
				CLANG_WARN_INFINITE_RECURSION = YES;
				CLANG_WARN_INT_CONVERSION = YES;
				CLANG_WARN_NON_LITERAL_NULL_CONVERSION = YES;
				CLANG_WARN_OBJC_IMPLICIT_RETAIN_SELF = YES;
				CLANG_WARN_OBJC_LITERAL_CONVERSION = YES;
				CLANG_WARN_OBJC_ROOT_CLASS = YES_ERROR;
				CLANG_WARN_QUOTED_INCLUDE_IN_FRAMEWORK_HEADER = YES;
				CLANG_WARN_RANGE_LOOP_ANALYSIS = YES;
				CLANG_WARN_STRICT_PROTOTYPES = YES;
				CLANG_WARN_SUSPICIOUS_MOVE = YES;
				CLANG_WARN_UNGUARDED_AVAILABILITY = YES_AGGRESSIVE;
				CLANG_WARN_UNREACHABLE_CODE = YES;
				CLANG_WARN__DUPLICATE_METHOD_MATCH = YES;
				COPY_PHASE_STRIP = NO;
				DEBUG_INFORMATION_FORMAT = dwarf;
				ENABLE_STRICT_OBJC_MSGSEND = YES;
				ENABLE_TESTABILITY = YES;
				GCC_C_LANGUAGE_STANDARD = gnu11;
				GCC_DYNAMIC_NO_PIC = NO;
				GCC_NO_COMMON_BLOCKS = YES;
				GCC_OPTIMIZATION_LEVEL = 0;
				GCC_PREPROCESSOR_DEFINITIONS = (
					"DEBUG=1",
					"$(inherited)",
				);
				GCC_WARN_64_TO_32_BIT_CONVERSION = YES;
				GCC_WARN_ABOUT_RETURN_TYPE = YES_ERROR;
				GCC_WARN_UNDECLARED_SELECTOR = YES;
				GCC_WARN_UNINITIALIZED_AUTOS = YES_AGGRESSIVE;
				GCC_WARN_UNUSED_FUNCTION = YES;
				GCC_WARN_UNUSED_VARIABLE = YES;
				IPHONEOS_DEPLOYMENT_TARGET = 16.4;
				MTL_ENABLE_DEBUG_INFO = INCLUDE_SOURCE;
				MTL_FAST_MATH = YES;
				ONLY_ACTIVE_ARCH = YES;
				SDKROOT = iphoneos;
				SWIFT_ACTIVE_COMPILATION_CONDITIONS = DEBUG;
				SWIFT_OPTIMIZATION_LEVEL = "-Onone";
			};
			name = Debug;
		};
		ABA5CC702AA899150045B780 /* Release */ = {
			isa = XCBuildConfiguration;
			buildSettings = {
				ALWAYS_SEARCH_USER_PATHS = NO;
				CLANG_ANALYZER_NONNULL = YES;
				CLANG_ANALYZER_NUMBER_OBJECT_CONVERSION = YES_AGGRESSIVE;
				CLANG_CXX_LANGUAGE_STANDARD = "gnu++20";
				CLANG_ENABLE_MODULES = YES;
				CLANG_ENABLE_OBJC_ARC = YES;
				CLANG_ENABLE_OBJC_WEAK = YES;
				CLANG_WARN_BLOCK_CAPTURE_AUTORELEASING = YES;
				CLANG_WARN_BOOL_CONVERSION = YES;
				CLANG_WARN_COMMA = YES;
				CLANG_WARN_CONSTANT_CONVERSION = YES;
				CLANG_WARN_DEPRECATED_OBJC_IMPLEMENTATIONS = YES;
				CLANG_WARN_DIRECT_OBJC_ISA_USAGE = YES_ERROR;
				CLANG_WARN_DOCUMENTATION_COMMENTS = YES;
				CLANG_WARN_EMPTY_BODY = YES;
				CLANG_WARN_ENUM_CONVERSION = YES;
				CLANG_WARN_INFINITE_RECURSION = YES;
				CLANG_WARN_INT_CONVERSION = YES;
				CLANG_WARN_NON_LITERAL_NULL_CONVERSION = YES;
				CLANG_WARN_OBJC_IMPLICIT_RETAIN_SELF = YES;
				CLANG_WARN_OBJC_LITERAL_CONVERSION = YES;
				CLANG_WARN_OBJC_ROOT_CLASS = YES_ERROR;
				CLANG_WARN_QUOTED_INCLUDE_IN_FRAMEWORK_HEADER = YES;
				CLANG_WARN_RANGE_LOOP_ANALYSIS = YES;
				CLANG_WARN_STRICT_PROTOTYPES = YES;
				CLANG_WARN_SUSPICIOUS_MOVE = YES;
				CLANG_WARN_UNGUARDED_AVAILABILITY = YES_AGGRESSIVE;
				CLANG_WARN_UNREACHABLE_CODE = YES;
				CLANG_WARN__DUPLICATE_METHOD_MATCH = YES;
				COPY_PHASE_STRIP = NO;
				DEBUG_INFORMATION_FORMAT = "dwarf-with-dsym";
				ENABLE_NS_ASSERTIONS = NO;
				ENABLE_STRICT_OBJC_MSGSEND = YES;
				GCC_C_LANGUAGE_STANDARD = gnu11;
				GCC_NO_COMMON_BLOCKS = YES;
				GCC_WARN_64_TO_32_BIT_CONVERSION = YES;
				GCC_WARN_ABOUT_RETURN_TYPE = YES_ERROR;
				GCC_WARN_UNDECLARED_SELECTOR = YES;
				GCC_WARN_UNINITIALIZED_AUTOS = YES_AGGRESSIVE;
				GCC_WARN_UNUSED_FUNCTION = YES;
				GCC_WARN_UNUSED_VARIABLE = YES;
				IPHONEOS_DEPLOYMENT_TARGET = 16.4;
				MTL_ENABLE_DEBUG_INFO = NO;
				MTL_FAST_MATH = YES;
				SDKROOT = iphoneos;
				SWIFT_COMPILATION_MODE = wholemodule;
				SWIFT_OPTIMIZATION_LEVEL = "-O";
				VALIDATE_PRODUCT = YES;
			};
			name = Release;
		};
		ABA5CC722AA899150045B780 /* Debug */ = {
			isa = XCBuildConfiguration;
			buildSettings = {
				ASSETCATALOG_COMPILER_APPICON_NAME = AppIcon;
				ASSETCATALOG_COMPILER_GLOBAL_ACCENT_COLOR_NAME = AccentColor;
				CODE_SIGN_STYLE = Automatic;
				CURRENT_PROJECT_VERSION = 1;
				DEVELOPMENT_TEAM = 3Q8FDFK3WX;
				GENERATE_INFOPLIST_FILE = YES;
				INFOPLIST_FILE = "tip-calculator/Info.plist";
				INFOPLIST_KEY_UIApplicationSupportsIndirectInputEvents = YES;
				INFOPLIST_KEY_UILaunchStoryboardName = LaunchScreen;
				INFOPLIST_KEY_UISupportedInterfaceOrientations_iPad = "UIInterfaceOrientationPortrait UIInterfaceOrientationPortraitUpsideDown UIInterfaceOrientationLandscapeLeft UIInterfaceOrientationLandscapeRight";
				INFOPLIST_KEY_UISupportedInterfaceOrientations_iPhone = "UIInterfaceOrientationPortrait UIInterfaceOrientationLandscapeLeft UIInterfaceOrientationLandscapeRight";
				LD_RUNPATH_SEARCH_PATHS = (
					"$(inherited)",
					"@executable_path/Frameworks",
				);
				MARKETING_VERSION = 1.0;
				PRODUCT_BUNDLE_IDENTIFIER = "com.salah.12488.tip-calculator";
				PRODUCT_NAME = "$(TARGET_NAME)";
				SWIFT_EMIT_LOC_STRINGS = YES;
				SWIFT_VERSION = 5.0;
				TARGETED_DEVICE_FAMILY = "1,2";
			};
			name = Debug;
		};
		ABA5CC732AA899150045B780 /* Release */ = {
			isa = XCBuildConfiguration;
			buildSettings = {
				ASSETCATALOG_COMPILER_APPICON_NAME = AppIcon;
				ASSETCATALOG_COMPILER_GLOBAL_ACCENT_COLOR_NAME = AccentColor;
				CODE_SIGN_STYLE = Automatic;
				CURRENT_PROJECT_VERSION = 1;
				DEVELOPMENT_TEAM = 3Q8FDFK3WX;
				GENERATE_INFOPLIST_FILE = YES;
				INFOPLIST_FILE = "tip-calculator/Info.plist";
				INFOPLIST_KEY_UIApplicationSupportsIndirectInputEvents = YES;
				INFOPLIST_KEY_UILaunchStoryboardName = LaunchScreen;
				INFOPLIST_KEY_UISupportedInterfaceOrientations_iPad = "UIInterfaceOrientationPortrait UIInterfaceOrientationPortraitUpsideDown UIInterfaceOrientationLandscapeLeft UIInterfaceOrientationLandscapeRight";
				INFOPLIST_KEY_UISupportedInterfaceOrientations_iPhone = "UIInterfaceOrientationPortrait UIInterfaceOrientationLandscapeLeft UIInterfaceOrientationLandscapeRight";
				LD_RUNPATH_SEARCH_PATHS = (
					"$(inherited)",
					"@executable_path/Frameworks",
				);
				MARKETING_VERSION = 1.0;
				PRODUCT_BUNDLE_IDENTIFIER = "com.salah.12488.tip-calculator";
				PRODUCT_NAME = "$(TARGET_NAME)";
				SWIFT_EMIT_LOC_STRINGS = YES;
				SWIFT_VERSION = 5.0;
				TARGETED_DEVICE_FAMILY = "1,2";
			};
			name = Release;
		};
		ABA5CC752AA899150045B780 /* Debug */ = {
			isa = XCBuildConfiguration;
			buildSettings = {
				ALWAYS_EMBED_SWIFT_STANDARD_LIBRARIES = YES;
				BUNDLE_LOADER = "$(TEST_HOST)";
				CODE_SIGN_STYLE = Automatic;
				CURRENT_PROJECT_VERSION = 1;
				DEVELOPMENT_TEAM = 3Q8FDFK3WX;
				GENERATE_INFOPLIST_FILE = YES;
				IPHONEOS_DEPLOYMENT_TARGET = 16.4;
				MARKETING_VERSION = 1.0;
				PRODUCT_BUNDLE_IDENTIFIER = "com.salah.12488.tip-calculatorTests";
				PRODUCT_NAME = "$(TARGET_NAME)";
				SWIFT_EMIT_LOC_STRINGS = NO;
				SWIFT_VERSION = 5.0;
				TARGETED_DEVICE_FAMILY = "1,2";
				TEST_HOST = "$(BUILT_PRODUCTS_DIR)/tip-calculator.app/$(BUNDLE_EXECUTABLE_FOLDER_PATH)/tip-calculator";
			};
			name = Debug;
		};
		ABA5CC762AA899150045B780 /* Release */ = {
			isa = XCBuildConfiguration;
			buildSettings = {
				ALWAYS_EMBED_SWIFT_STANDARD_LIBRARIES = YES;
				BUNDLE_LOADER = "$(TEST_HOST)";
				CODE_SIGN_STYLE = Automatic;
				CURRENT_PROJECT_VERSION = 1;
				DEVELOPMENT_TEAM = 3Q8FDFK3WX;
				GENERATE_INFOPLIST_FILE = YES;
				IPHONEOS_DEPLOYMENT_TARGET = 16.4;
				MARKETING_VERSION = 1.0;
				PRODUCT_BUNDLE_IDENTIFIER = "com.salah.12488.tip-calculatorTests";
				PRODUCT_NAME = "$(TARGET_NAME)";
				SWIFT_EMIT_LOC_STRINGS = NO;
				SWIFT_VERSION = 5.0;
				TARGETED_DEVICE_FAMILY = "1,2";
				TEST_HOST = "$(BUILT_PRODUCTS_DIR)/tip-calculator.app/$(BUNDLE_EXECUTABLE_FOLDER_PATH)/tip-calculator";
			};
			name = Release;
		};
		ABA5CC782AA899150045B780 /* Debug */ = {
			isa = XCBuildConfiguration;
			buildSettings = {
				ALWAYS_EMBED_SWIFT_STANDARD_LIBRARIES = YES;
				CODE_SIGN_STYLE = Automatic;
				CURRENT_PROJECT_VERSION = 1;
				DEVELOPMENT_TEAM = 3Q8FDFK3WX;
				GENERATE_INFOPLIST_FILE = YES;
				MARKETING_VERSION = 1.0;
				PRODUCT_BUNDLE_IDENTIFIER = "com.salah.12488.tip-calculatorUITests";
				PRODUCT_NAME = "$(TARGET_NAME)";
				SWIFT_EMIT_LOC_STRINGS = NO;
				SWIFT_VERSION = 5.0;
				TARGETED_DEVICE_FAMILY = "1,2";
				TEST_TARGET_NAME = "tip-calculator";
			};
			name = Debug;
		};
		ABA5CC792AA899150045B780 /* Release */ = {
			isa = XCBuildConfiguration;
			buildSettings = {
				ALWAYS_EMBED_SWIFT_STANDARD_LIBRARIES = YES;
				CODE_SIGN_STYLE = Automatic;
				CURRENT_PROJECT_VERSION = 1;
				DEVELOPMENT_TEAM = 3Q8FDFK3WX;
				GENERATE_INFOPLIST_FILE = YES;
				MARKETING_VERSION = 1.0;
				PRODUCT_BUNDLE_IDENTIFIER = "com.salah.12488.tip-calculatorUITests";
				PRODUCT_NAME = "$(TARGET_NAME)";
				SWIFT_EMIT_LOC_STRINGS = NO;
				SWIFT_VERSION = 5.0;
				TARGETED_DEVICE_FAMILY = "1,2";
				TEST_TARGET_NAME = "tip-calculator";
			};
			name = Release;
		};
/* End XCBuildConfiguration section */

/* Begin XCConfigurationList section */
		ABA5CC422AA899140045B780 /* Build configuration list for PBXProject "tip-calculator" */ = {
			isa = XCConfigurationList;
			buildConfigurations = (
				ABA5CC6F2AA899150045B780 /* Debug */,
				ABA5CC702AA899150045B780 /* Release */,
			);
			defaultConfigurationIsVisible = 0;
			defaultConfigurationName = Release;
		};
		ABA5CC712AA899150045B780 /* Build configuration list for PBXNativeTarget "tip-calculator" */ = {
			isa = XCConfigurationList;
			buildConfigurations = (
				ABA5CC722AA899150045B780 /* Debug */,
				ABA5CC732AA899150045B780 /* Release */,
			);
			defaultConfigurationIsVisible = 0;
			defaultConfigurationName = Release;
		};
		ABA5CC742AA899150045B780 /* Build configuration list for PBXNativeTarget "tip-calculatorTests" */ = {
			isa = XCConfigurationList;
			buildConfigurations = (
				ABA5CC752AA899150045B780 /* Debug */,
				ABA5CC762AA899150045B780 /* Release */,
			);
			defaultConfigurationIsVisible = 0;
			defaultConfigurationName = Release;
		};
		ABA5CC772AA899150045B780 /* Build configuration list for PBXNativeTarget "tip-calculatorUITests" */ = {
			isa = XCConfigurationList;
			buildConfigurations = (
				ABA5CC782AA899150045B780 /* Debug */,
				ABA5CC792AA899150045B780 /* Release */,
			);
			defaultConfigurationIsVisible = 0;
			defaultConfigurationName = Release;
		};
/* End XCConfigurationList section */

/* Begin XCRemoteSwiftPackageReference section */
		ABA5CC7A2AA8A5460045B780 /* XCRemoteSwiftPackageReference "CombineCocoa" */ = {
			isa = XCRemoteSwiftPackageReference;
			repositoryURL = "https://github.com/CombineCommunity/CombineCocoa";
			requirement = {
				kind = upToNextMajorVersion;
				minimumVersion = 0.4.1;
			};
		};
		ABA5CC7D2AA8B01A0045B780 /* XCRemoteSwiftPackageReference "SnapKit" */ = {
			isa = XCRemoteSwiftPackageReference;
			repositoryURL = "https://github.com/SnapKit/SnapKit";
			requirement = {
				kind = upToNextMajorVersion;
				minimumVersion = 5.0.0;
			};
		};
		ABA5CC832AA8B25D0045B780 /* XCRemoteSwiftPackageReference "swift-snapshot-testing" */ = {
			isa = XCRemoteSwiftPackageReference;
			repositoryURL = "https://github.com/pointfreeco/swift-snapshot-testing";
			requirement = {
				kind = upToNextMajorVersion;
				minimumVersion = 1.0.0;
			};
		};
/* End XCRemoteSwiftPackageReference section */

/* Begin XCSwiftPackageProductDependency section */
		AB5CECD32AA8B2A000F1D0A4 /* CombineCocoa */ = {
			isa = XCSwiftPackageProductDependency;
			package = ABA5CC7A2AA8A5460045B780 /* XCRemoteSwiftPackageReference "CombineCocoa" */;
			productName = CombineCocoa;
		};
		ABA5CC7B2AA8A5460045B780 /* CombineCocoa */ = {
			isa = XCSwiftPackageProductDependency;
			package = ABA5CC7A2AA8A5460045B780 /* XCRemoteSwiftPackageReference "CombineCocoa" */;
			productName = CombineCocoa;
		};
		ABA5CC7E2AA8B01A0045B780 /* SnapKit */ = {
			isa = XCSwiftPackageProductDependency;
			package = ABA5CC7D2AA8B01A0045B780 /* XCRemoteSwiftPackageReference "SnapKit" */;
			productName = SnapKit;
		};
		ABA5CC812AA8B05B0045B780 /* CombineCocoa */ = {
			isa = XCSwiftPackageProductDependency;
			package = ABA5CC7A2AA8A5460045B780 /* XCRemoteSwiftPackageReference "CombineCocoa" */;
			productName = CombineCocoa;
		};
		ABA5CC862AA8B2660045B780 /* SnapshotTesting */ = {
			isa = XCSwiftPackageProductDependency;
			package = ABA5CC832AA8B25D0045B780 /* XCRemoteSwiftPackageReference "swift-snapshot-testing" */;
			productName = SnapshotTesting;
		};
/* End XCSwiftPackageProductDependency section */
	};
	rootObject = ABA5CC3F2AA899140045B780 /* Project object */;
}
